
Microsoft Visual Studio Solution File, Format Version 12.00
# Visual Studio Version 17
VisualStudioVersion = 17.9.34728.123
MinimumVisualStudioVersion = 10.0.40219.1
Project("{FAE04EC0-301F-11D3-BF4B-00C04F79EFBC}") = "Farmacia", "Farmacia\Farmacia.csproj", "{B074B6FF-8AAF-4E98-83C4-23BD5173C59F}"
EndProject
Global
	GlobalSection(SolutionConfigurationPlatforms) = preSolution
		Debug|Any CPU = Debug|Any CPU
		Release|Any CPU = Release|Any CPU
	EndGlobalSection
	GlobalSection(ProjectConfigurationPlatforms) = postSolution
		{B074B6FF-8AAF-4E98-83C4-23BD5173C59F}.Debug|Any CPU.ActiveCfg = Debug|Any CPU
		{B074B6FF-8AAF-4E98-83C4-23BD5173C59F}.Debug|Any CPU.Build.0 = Debug|Any CPU
		{B074B6FF-8AAF-4E98-83C4-23BD5173C59F}.Release|Any CPU.ActiveCfg = Release|Any CPU
		{B074B6FF-8AAF-4E98-83C4-23BD5173C59F}.Release|Any CPU.Build.0 = Release|Any CPU
	EndGlobalSection
	GlobalSection(SolutionProperties) = preSolution
		HideSolutionNode = FALSE
	EndGlobalSection
	GlobalSection(ExtensibilityGlobals) = postSolution
		SolutionGuid = {085E65B0-9650-4E96-A455-E4B335846F48}
	EndGlobalSection
EndGlobal
